
Microsoft Visual Studio Solution File, Format Version 12.00
# Visual Studio Version 16
VisualStudioVersion = 16.0.31624.102
MinimumVisualStudioVersion = 10.0.40219.1
Project("{9A19103F-16F7-4668-BE54-9A1E7A4F7556}") = "EstudiosCSharpPluralSight", "EstudiosCSharpPluralSight\EstudiosCSharpPluralSight.csproj", "{AB5EC7DE-65DC-4291-B70E-0747586DF14A}"
EndProject
Project("{9A19103F-16F7-4668-BE54-9A1E7A4F7556}") = "Array", "Array\Array.csproj", "{2C692DD4-38C2-4490-A920-EEEDB854BE1B}"
EndProject
Project("{9A19103F-16F7-4668-BE54-9A1E7A4F7556}") = "ControllingProgramFlow", "ControllingProgramFlow\ControllingProgramFlow.csproj", "{7797D59D-17E0-431D-97A0-88C4E5D740E3}"
EndProject
Project("{9A19103F-16F7-4668-BE54-9A1E7A4F7556}") = "SistemaDeTipos", "SistemaDeTipos\SistemaDeTipos.csproj", "{1C08E827-3221-4BE1-9795-7897F170B938}"
EndProject
Project("{9A19103F-16F7-4668-BE54-9A1E7A4F7556}") = "CreandoMetodos", "CreandoMetodos\CreandoMetodos.csproj", "{D5BCF27D-F97E-44CB-825D-E3187CF02B11}"
EndProject
Project("{9A19103F-16F7-4668-BE54-9A1E7A4F7556}") = "EnumerationClass", "TipoSistema\EnumerationClass.csproj", "{080AACEE-444E-4B62-AA1B-44876DBBBC31}"
EndProject
Project("{9A19103F-16F7-4668-BE54-9A1E7A4F7556}") = "StructClass", "StructClass\StructClass.csproj", "{872ACFA7-7A39-4B0F-BF38-CC1BB52ED9AC}"
EndProject
Project("{9A19103F-16F7-4668-BE54-9A1E7A4F7556}") = "CreacionDeClasesYObjetos", "CreacionDeClasesYObjetos\CreacionDeClasesYObjetos.csproj", "{31AD7ADB-BB56-49D0-B49F-0184AFA85BD3}"
EndProject
Project("{9A19103F-16F7-4668-BE54-9A1E7A4F7556}") = "CreacionDeClasesYObjetosAPP", "CreacionDeClasesYObjetosAPP\CreacionDeClasesYObjetosAPP.csproj", "{A2FB1C41-2F7D-4CA4-A4B8-68FFA5396EB3}"
EndProject
Project("{FAE04EC0-301F-11D3-BF4B-00C04F79EFBC}") = "TrabajandoHerencia", "TrabajandoHerencia\TrabajandoHerencia.csproj", "{48B4A8B9-4126-47B9-B94F-E95175DF260C}"
EndProject
Global
	GlobalSection(SolutionConfigurationPlatforms) = preSolution
		Debug|Any CPU = Debug|Any CPU
		Release|Any CPU = Release|Any CPU
	EndGlobalSection
	GlobalSection(ProjectConfigurationPlatforms) = postSolution
		{AB5EC7DE-65DC-4291-B70E-0747586DF14A}.Debug|Any CPU.ActiveCfg = Debug|Any CPU
		{AB5EC7DE-65DC-4291-B70E-0747586DF14A}.Debug|Any CPU.Build.0 = Debug|Any CPU
		{AB5EC7DE-65DC-4291-B70E-0747586DF14A}.Release|Any CPU.ActiveCfg = Release|Any CPU
		{AB5EC7DE-65DC-4291-B70E-0747586DF14A}.Release|Any CPU.Build.0 = Release|Any CPU
		{2C692DD4-38C2-4490-A920-EEEDB854BE1B}.Debug|Any CPU.ActiveCfg = Debug|Any CPU
		{2C692DD4-38C2-4490-A920-EEEDB854BE1B}.Debug|Any CPU.Build.0 = Debug|Any CPU
		{2C692DD4-38C2-4490-A920-EEEDB854BE1B}.Release|Any CPU.ActiveCfg = Release|Any CPU
		{2C692DD4-38C2-4490-A920-EEEDB854BE1B}.Release|Any CPU.Build.0 = Release|Any CPU
		{7797D59D-17E0-431D-97A0-88C4E5D740E3}.Debug|Any CPU.ActiveCfg = Debug|Any CPU
		{7797D59D-17E0-431D-97A0-88C4E5D740E3}.Debug|Any CPU.Build.0 = Debug|Any CPU
		{7797D59D-17E0-431D-97A0-88C4E5D740E3}.Release|Any CPU.ActiveCfg = Release|Any CPU
		{7797D59D-17E0-431D-97A0-88C4E5D740E3}.Release|Any CPU.Build.0 = Release|Any CPU
		{1C08E827-3221-4BE1-9795-7897F170B938}.Debug|Any CPU.ActiveCfg = Debug|Any CPU
		{1C08E827-3221-4BE1-9795-7897F170B938}.Debug|Any CPU.Build.0 = Debug|Any CPU
		{1C08E827-3221-4BE1-9795-7897F170B938}.Release|Any CPU.ActiveCfg = Release|Any CPU
		{1C08E827-3221-4BE1-9795-7897F170B938}.Release|Any CPU.Build.0 = Release|Any CPU
		{D5BCF27D-F97E-44CB-825D-E3187CF02B11}.Debug|Any CPU.ActiveCfg = Debug|Any CPU
		{D5BCF27D-F97E-44CB-825D-E3187CF02B11}.Debug|Any CPU.Build.0 = Debug|Any CPU
		{D5BCF27D-F97E-44CB-825D-E3187CF02B11}.Release|Any CPU.ActiveCfg = Release|Any CPU
		{D5BCF27D-F97E-44CB-825D-E3187CF02B11}.Release|Any CPU.Build.0 = Release|Any CPU
		{080AACEE-444E-4B62-AA1B-44876DBBBC31}.Debug|Any CPU.ActiveCfg = Debug|Any CPU
		{080AACEE-444E-4B62-AA1B-44876DBBBC31}.Debug|Any CPU.Build.0 = Debug|Any CPU
		{080AACEE-444E-4B62-AA1B-44876DBBBC31}.Release|Any CPU.ActiveCfg = Release|Any CPU
		{080AACEE-444E-4B62-AA1B-44876DBBBC31}.Release|Any CPU.Build.0 = Release|Any CPU
		{872ACFA7-7A39-4B0F-BF38-CC1BB52ED9AC}.Debug|Any CPU.ActiveCfg = Debug|Any CPU
		{872ACFA7-7A39-4B0F-BF38-CC1BB52ED9AC}.Debug|Any CPU.Build.0 = Debug|Any CPU
		{872ACFA7-7A39-4B0F-BF38-CC1BB52ED9AC}.Release|Any CPU.ActiveCfg = Release|Any CPU
		{872ACFA7-7A39-4B0F-BF38-CC1BB52ED9AC}.Release|Any CPU.Build.0 = Release|Any CPU
		{31AD7ADB-BB56-49D0-B49F-0184AFA85BD3}.Debug|Any CPU.ActiveCfg = Debug|Any CPU
		{31AD7ADB-BB56-49D0-B49F-0184AFA85BD3}.Debug|Any CPU.Build.0 = Debug|Any CPU
		{31AD7ADB-BB56-49D0-B49F-0184AFA85BD3}.Release|Any CPU.ActiveCfg = Release|Any CPU
		{31AD7ADB-BB56-49D0-B49F-0184AFA85BD3}.Release|Any CPU.Build.0 = Release|Any CPU
		{A2FB1C41-2F7D-4CA4-A4B8-68FFA5396EB3}.Debug|Any CPU.ActiveCfg = Debug|Any CPU
		{A2FB1C41-2F7D-4CA4-A4B8-68FFA5396EB3}.Debug|Any CPU.Build.0 = Debug|Any CPU
		{A2FB1C41-2F7D-4CA4-A4B8-68FFA5396EB3}.Release|Any CPU.ActiveCfg = Release|Any CPU
		{A2FB1C41-2F7D-4CA4-A4B8-68FFA5396EB3}.Release|Any CPU.Build.0 = Release|Any CPU
		{48B4A8B9-4126-47B9-B94F-E95175DF260C}.Debug|Any CPU.ActiveCfg = Debug|Any CPU
		{48B4A8B9-4126-47B9-B94F-E95175DF260C}.Debug|Any CPU.Build.0 = Debug|Any CPU
		{48B4A8B9-4126-47B9-B94F-E95175DF260C}.Release|Any CPU.ActiveCfg = Release|Any CPU
		{48B4A8B9-4126-47B9-B94F-E95175DF260C}.Release|Any CPU.Build.0 = Release|Any CPU
	EndGlobalSection
	GlobalSection(SolutionProperties) = preSolution
		HideSolutionNode = FALSE
	EndGlobalSection
	GlobalSection(ExtensibilityGlobals) = postSolution
		SolutionGuid = {12BE659C-0F6C-47FB-9B99-9CD7B356E6F8}
	EndGlobalSection
EndGlobal
